// !$*UTF8*$!
{
	archiveVersion = 1;
	classes = {
	};
	objectVersion = 46;
	objects = {

/* Begin PBXBuildFile section */
		EF985C111F3D51D9006EAAAE /* main.cpp in Sources */ = {isa = PBXBuildFile; fileRef = EF985C101F3D51D9006EAAAE /* main.cpp */; };
		EFB7272E1F4183F9005FF72D /* Base64Helper.cpp in Sources */ = {isa = PBXBuildFile; fileRef = EFB7270E1F4183F9005FF72D /* Base64Helper.cpp */; };
		EFB7272F1F4183F9005FF72D /* PlistBinaryHelper.cpp in Sources */ = {isa = PBXBuildFile; fileRef = EFB727111F4183F9005FF72D /* PlistBinaryHelper.cpp */; };
		EFB727301F4183F9005FF72D /* PlistBinaryReader.cpp in Sources */ = {isa = PBXBuildFile; fileRef = EFB727131F4183F9005FF72D /* PlistBinaryReader.cpp */; };
		EFB727311F4183F9005FF72D /* PlistBinaryWriter.cpp in Sources */ = {isa = PBXBuildFile; fileRef = EFB727151F4183F9005FF72D /* PlistBinaryWriter.cpp */; };
		EFB727321F4183F9005FF72D /* PlistDate.cpp in Sources */ = {isa = PBXBuildFile; fileRef = EFB727191F4183F9005FF72D /* PlistDate.cpp */; };
		EFB727331F4183F9005FF72D /* Plist.cpp in Sources */ = {isa = PBXBuildFile; fileRef = EFB7271C1F4183F9005FF72D /* Plist.cpp */; };
		EFB727341F4183F9005FF72D /* PlistReader.cpp in Sources */ = {isa = PBXBuildFile; fileRef = EFB7271F1F4183F9005FF72D /* PlistReader.cpp */; };
		EFB727351F4183F9005FF72D /* PlistWriter.cpp in Sources */ = {isa = PBXBuildFile; fileRef = EFB727211F4183F9005FF72D /* PlistWriter.cpp */; };
		EFB727361F4183F9005FF72D /* pugixml.cpp in Sources */ = {isa = PBXBuildFile; fileRef = EFB727251F4183F9005FF72D /* pugixml.cpp */; };
		EFB727371F4183F9005FF72D /* PlistXMLHelper.cpp in Sources */ = {isa = PBXBuildFile; fileRef = EFB727281F4183F9005FF72D /* PlistXMLHelper.cpp */; };
		EFB727381F4183F9005FF72D /* PlistXMLReader.cpp in Sources */ = {isa = PBXBuildFile; fileRef = EFB7272A1F4183F9005FF72D /* PlistXMLReader.cpp */; };
		EFB727391F4183F9005FF72D /* PlistXMLWriter.cpp in Sources */ = {isa = PBXBuildFile; fileRef = EFB7272C1F4183F9005FF72D /* PlistXMLWriter.cpp */; };
/* End PBXBuildFile section */

/* Begin PBXCopyFilesBuildPhase section */
		EF985C0B1F3D51D9006EAAAE /* CopyFiles */ = {
			isa = PBXCopyFilesBuildPhase;
			buildActionMask = 2147483647;
			dstPath = /usr/share/man/man1/;
			dstSubfolderSpec = 0;
			files = (
			);
			runOnlyForDeploymentPostprocessing = 1;
		};
/* End PBXCopyFilesBuildPhase section */

/* Begin PBXFileReference section */
		EF985C0D1F3D51D9006EAAAE /* Plist */ = {isa = PBXFileReference; explicitFileType = "compiled.mach-o.executable"; includeInIndex = 0; path = Plist; sourceTree = BUILT_PRODUCTS_DIR; };
		EF985C101F3D51D9006EAAAE /* main.cpp */ = {isa = PBXFileReference; lastKnownFileType = sourcecode.cpp.cpp; path = main.cpp; sourceTree = "<group>"; };
		EFB7270D1F4183F9005FF72D /* base64.hpp */ = {isa = PBXFileReference; fileEncoding = 4; lastKnownFileType = sourcecode.cpp.h; path = base64.hpp; sourceTree = "<group>"; };
		EFB7270E1F4183F9005FF72D /* Base64Helper.cpp */ = {isa = PBXFileReference; fileEncoding = 4; lastKnownFileType = sourcecode.cpp.cpp; path = Base64Helper.cpp; sourceTree = "<group>"; };
		EFB7270F1F4183F9005FF72D /* Base64Helper.h */ = {isa = PBXFileReference; fileEncoding = 4; lastKnownFileType = sourcecode.c.h; path = Base64Helper.h; sourceTree = "<group>"; };
		EFB727111F4183F9005FF72D /* PlistBinaryHelper.cpp */ = {isa = PBXFileReference; fileEncoding = 4; lastKnownFileType = sourcecode.cpp.cpp; path = PlistBinaryHelper.cpp; sourceTree = "<group>"; };
		EFB727121F4183F9005FF72D /* PlistBinaryHelper.h */ = {isa = PBXFileReference; fileEncoding = 4; lastKnownFileType = sourcecode.c.h; path = PlistBinaryHelper.h; sourceTree = "<group>"; };
		EFB727131F4183F9005FF72D /* PlistBinaryReader.cpp */ = {isa = PBXFileReference; fileEncoding = 4; lastKnownFileType = sourcecode.cpp.cpp; path = PlistBinaryReader.cpp; sourceTree = "<group>"; };
		EFB727141F4183F9005FF72D /* PlistBinaryReader.h */ = {isa = PBXFileReference; fileEncoding = 4; lastKnownFileType = sourcecode.c.h; path = PlistBinaryReader.h; sourceTree = "<group>"; };
		EFB727151F4183F9005FF72D /* PlistBinaryWriter.cpp */ = {isa = PBXFileReference; fileEncoding = 4; lastKnownFileType = sourcecode.cpp.cpp; path = PlistBinaryWriter.cpp; sourceTree = "<group>"; };
		EFB727161F4183F9005FF72D /* PlistBinaryWriter.h */ = {isa = PBXFileReference; fileEncoding = 4; lastKnownFileType = sourcecode.c.h; path = PlistBinaryWriter.h; sourceTree = "<group>"; };
		EFB727181F4183F9005FF72D /* PlistData.h */ = {isa = PBXFileReference; fileEncoding = 4; lastKnownFileType = sourcecode.c.h; path = PlistData.h; sourceTree = "<group>"; };
		EFB727191F4183F9005FF72D /* PlistDate.cpp */ = {isa = PBXFileReference; fileEncoding = 4; lastKnownFileType = sourcecode.cpp.cpp; path = PlistDate.cpp; sourceTree = "<group>"; };
		EFB7271A1F4183F9005FF72D /* PlistDate.h */ = {isa = PBXFileReference; fileEncoding = 4; lastKnownFileType = sourcecode.c.h; path = PlistDate.h; sourceTree = "<group>"; };
		EFB7271B1F4183F9005FF72D /* PlistObject.h */ = {isa = PBXFileReference; fileEncoding = 4; lastKnownFileType = sourcecode.c.h; path = PlistObject.h; sourceTree = "<group>"; };
		EFB7271C1F4183F9005FF72D /* Plist.cpp */ = {isa = PBXFileReference; fileEncoding = 4; lastKnownFileType = sourcecode.cpp.cpp; path = Plist.cpp; sourceTree = "<group>"; };
		EFB7271D1F4183F9005FF72D /* Plist.h */ = {isa = PBXFileReference; fileEncoding = 4; lastKnownFileType = sourcecode.c.h; path = Plist.h; sourceTree = "<group>"; };
		EFB7271F1F4183F9005FF72D /* PlistReader.cpp */ = {isa = PBXFileReference; fileEncoding = 4; lastKnownFileType = sourcecode.cpp.cpp; path = PlistReader.cpp; sourceTree = "<group>"; };
		EFB727201F4183F9005FF72D /* PlistReader.h */ = {isa = PBXFileReference; fileEncoding = 4; lastKnownFileType = sourcecode.c.h; path = PlistReader.h; sourceTree = "<group>"; };
		EFB727211F4183F9005FF72D /* PlistWriter.cpp */ = {isa = PBXFileReference; fileEncoding = 4; lastKnownFileType = sourcecode.cpp.cpp; path = PlistWriter.cpp; sourceTree = "<group>"; };
		EFB727221F4183F9005FF72D /* PlistWriter.h */ = {isa = PBXFileReference; fileEncoding = 4; lastKnownFileType = sourcecode.c.h; path = PlistWriter.h; sourceTree = "<group>"; };
		EFB727241F4183F9005FF72D /* pugiconfig.hpp */ = {isa = PBXFileReference; fileEncoding = 4; lastKnownFileType = sourcecode.cpp.h; path = pugiconfig.hpp; sourceTree = "<group>"; };
		EFB727251F4183F9005FF72D /* pugixml.cpp */ = {isa = PBXFileReference; fileEncoding = 4; lastKnownFileType = sourcecode.cpp.cpp; path = pugixml.cpp; sourceTree = "<group>"; };
		EFB727261F4183F9005FF72D /* pugixml.hpp */ = {isa = PBXFileReference; fileEncoding = 4; lastKnownFileType = sourcecode.cpp.h; path = pugixml.hpp; sourceTree = "<group>"; };
		EFB727281F4183F9005FF72D /* PlistXMLHelper.cpp */ = {isa = PBXFileReference; fileEncoding = 4; lastKnownFileType = sourcecode.cpp.cpp; path = PlistXMLHelper.cpp; sourceTree = "<group>"; };
		EFB727291F4183F9005FF72D /* PlistXMLHelper.h */ = {isa = PBXFileReference; fileEncoding = 4; lastKnownFileType = sourcecode.c.h; path = PlistXMLHelper.h; sourceTree = "<group>"; };
		EFB7272A1F4183F9005FF72D /* PlistXMLReader.cpp */ = {isa = PBXFileReference; fileEncoding = 4; lastKnownFileType = sourcecode.cpp.cpp; path = PlistXMLReader.cpp; sourceTree = "<group>"; };
		EFB7272B1F4183F9005FF72D /* PlistXMLReader.h */ = {isa = PBXFileReference; fileEncoding = 4; lastKnownFileType = sourcecode.c.h; path = PlistXMLReader.h; sourceTree = "<group>"; };
		EFB7272C1F4183F9005FF72D /* PlistXMLWriter.cpp */ = {isa = PBXFileReference; fileEncoding = 4; lastKnownFileType = sourcecode.cpp.cpp; path = PlistXMLWriter.cpp; sourceTree = "<group>"; };
		EFB7272D1F4183F9005FF72D /* PlistXMLWriter.h */ = {isa = PBXFileReference; fileEncoding = 4; lastKnownFileType = sourcecode.c.h; path = PlistXMLWriter.h; sourceTree = "<group>"; };
/* End PBXFileReference section */

/* Begin PBXFrameworksBuildPhase section */
		EF985C0A1F3D51D9006EAAAE /* Frameworks */ = {
			isa = PBXFrameworksBuildPhase;
			buildActionMask = 2147483647;
			files = (
			);
			runOnlyForDeploymentPostprocessing = 0;
		};
/* End PBXFrameworksBuildPhase section */

/* Begin PBXGroup section */
		EF985C041F3D51D9006EAAAE = {
			isa = PBXGroup;
			children = (
				EF985C0F1F3D51D9006EAAAE /* Plist */,
				EF985C0E1F3D51D9006EAAAE /* Products */,
			);
			sourceTree = "<group>";
		};
		EF985C0E1F3D51D9006EAAAE /* Products */ = {
			isa = PBXGroup;
			children = (
				EF985C0D1F3D51D9006EAAAE /* Plist */,
			);
			name = Products;
			sourceTree = "<group>";
		};
		EF985C0F1F3D51D9006EAAAE /* Plist */ = {
			isa = PBXGroup;
			children = (
				EFB7270B1F4183F9005FF72D /* Plist */,
				EF985C101F3D51D9006EAAAE /* main.cpp */,
			);
			path = Plist;
			sourceTree = "<group>";
		};
		EFB7270B1F4183F9005FF72D /* Plist */ = {
			isa = PBXGroup;
			children = (
				EFB7270C1F4183F9005FF72D /* base64 */,
				EFB727101F4183F9005FF72D /* binary */,
				EFB727171F4183F9005FF72D /* data */,
				EFB7271C1F4183F9005FF72D /* Plist.cpp */,
				EFB7271D1F4183F9005FF72D /* Plist.h */,
				EFB7271F1F4183F9005FF72D /* PlistReader.cpp */,
				EFB727201F4183F9005FF72D /* PlistReader.h */,
				EFB727211F4183F9005FF72D /* PlistWriter.cpp */,
				EFB727221F4183F9005FF72D /* PlistWriter.h */,
				EFB727231F4183F9005FF72D /* pugixml */,
				EFB727271F4183F9005FF72D /* xml */,
			);
			path = Plist;
			sourceTree = "<group>";
		};
		EFB7270C1F4183F9005FF72D /* base64 */ = {
			isa = PBXGroup;
			children = (
				EFB7270D1F4183F9005FF72D /* base64.hpp */,
				EFB7270E1F4183F9005FF72D /* Base64Helper.cpp */,
				EFB7270F1F4183F9005FF72D /* Base64Helper.h */,
			);
			path = base64;
			sourceTree = "<group>";
		};
		EFB727101F4183F9005FF72D /* binary */ = {
			isa = PBXGroup;
			children = (
				EFB727111F4183F9005FF72D /* PlistBinaryHelper.cpp */,
				EFB727121F4183F9005FF72D /* PlistBinaryHelper.h */,
				EFB727131F4183F9005FF72D /* PlistBinaryReader.cpp */,
				EFB727141F4183F9005FF72D /* PlistBinaryReader.h */,
				EFB727151F4183F9005FF72D /* PlistBinaryWriter.cpp */,
				EFB727161F4183F9005FF72D /* PlistBinaryWriter.h */,
			);
			path = binary;
			sourceTree = "<group>";
		};
		EFB727171F4183F9005FF72D /* data */ = {
			isa = PBXGroup;
			children = (
				EFB727181F4183F9005FF72D /* PlistData.h */,
				EFB727191F4183F9005FF72D /* PlistDate.cpp */,
				EFB7271A1F4183F9005FF72D /* PlistDate.h */,
				EFB7271B1F4183F9005FF72D /* PlistObject.h */,
			);
			path = data;
			sourceTree = "<group>";
		};
		EFB727231F4183F9005FF72D /* pugixml */ = {
			isa = PBXGroup;
			children = (
				EFB727241F4183F9005FF72D /* pugiconfig.hpp */,
				EFB727251F4183F9005FF72D /* pugixml.cpp */,
				EFB727261F4183F9005FF72D /* pugixml.hpp */,
			);
			path = pugixml;
			sourceTree = "<group>";
		};
		EFB727271F4183F9005FF72D /* xml */ = {
			isa = PBXGroup;
			children = (
				EFB727281F4183F9005FF72D /* PlistXMLHelper.cpp */,
				EFB727291F4183F9005FF72D /* PlistXMLHelper.h */,
				EFB7272A1F4183F9005FF72D /* PlistXMLReader.cpp */,
				EFB7272B1F4183F9005FF72D /* PlistXMLReader.h */,
				EFB7272C1F4183F9005FF72D /* PlistXMLWriter.cpp */,
				EFB7272D1F4183F9005FF72D /* PlistXMLWriter.h */,
			);
			path = xml;
			sourceTree = "<group>";
		};
/* End PBXGroup section */

/* Begin PBXNativeTarget section */
		EF985C0C1F3D51D9006EAAAE /* Plist */ = {
			isa = PBXNativeTarget;
			buildConfigurationList = EF985C141F3D51D9006EAAAE /* Build configuration list for PBXNativeTarget "Plist" */;
			buildPhases = (
				EF985C091F3D51D9006EAAAE /* Sources */,
				EF985C0A1F3D51D9006EAAAE /* Frameworks */,
				EF985C0B1F3D51D9006EAAAE /* CopyFiles */,
			);
			buildRules = (
			);
			dependencies = (
			);
			name = Plist;
			productName = Plist;
			productReference = EF985C0D1F3D51D9006EAAAE /* Plist */;
			productType = "com.apple.product-type.tool";
		};
/* End PBXNativeTarget section */

/* Begin PBXProject section */
		EF985C051F3D51D9006EAAAE /* Project object */ = {
			isa = PBXProject;
			attributes = {
				LastUpgradeCheck = 0830;
				ORGANIZATIONNAME = zhaojun;
				TargetAttributes = {
					EF985C0C1F3D51D9006EAAAE = {
						CreatedOnToolsVersion = 8.3.3;
						DevelopmentTeam = QK52KGCUT2;
						ProvisioningStyle = Automatic;
					};
				};
			};
			buildConfigurationList = EF985C081F3D51D9006EAAAE /* Build configuration list for PBXProject "Plist" */;
			compatibilityVersion = "Xcode 3.2";
			developmentRegion = English;
			hasScannedForEncodings = 0;
			knownRegions = (
				en,
			);
			mainGroup = EF985C041F3D51D9006EAAAE;
			productRefGroup = EF985C0E1F3D51D9006EAAAE /* Products */;
			projectDirPath = "";
			projectRoot = "";
			targets = (
				EF985C0C1F3D51D9006EAAAE /* Plist */,
			);
		};
/* End PBXProject section */

/* Begin PBXSourcesBuildPhase section */
		EF985C091F3D51D9006EAAAE /* Sources */ = {
			isa = PBXSourcesBuildPhase;
			buildActionMask = 2147483647;
			files = (
				EFB727361F4183F9005FF72D /* pugixml.cpp in Sources */,
				EFB727321F4183F9005FF72D /* PlistDate.cpp in Sources */,
				EFB727371F4183F9005FF72D /* PlistXMLHelper.cpp in Sources */,
				EFB727311F4183F9005FF72D /* PlistBinaryWriter.cpp in Sources */,
				EFB7272F1F4183F9005FF72D /* PlistBinaryHelper.cpp in Sources */,
				EFB7272E1F4183F9005FF72D /* Base64Helper.cpp in Sources */,
				EFB727351F4183F9005FF72D /* PlistWriter.cpp in Sources */,
				EFB727301F4183F9005FF72D /* PlistBinaryReader.cpp in Sources */,
				EFB727331F4183F9005FF72D /* Plist.cpp in Sources */,
				EFB727391F4183F9005FF72D /* PlistXMLWriter.cpp in Sources */,
				EF985C111F3D51D9006EAAAE /* main.cpp in Sources */,
				EFB727341F4183F9005FF72D /* PlistReader.cpp in Sources */,
				EFB727381F4183F9005FF72D /* PlistXMLReader.cpp in Sources */,
			);
			runOnlyForDeploymentPostprocessing = 0;
		};
/* End PBXSourcesBuildPhase section */

/* Begin XCBuildConfiguration section */
		EF985C121F3D51D9006EAAAE /* Debug */ = {
			isa = XCBuildConfiguration;
			buildSettings = {
				ALWAYS_SEARCH_USER_PATHS = NO;
				CLANG_ANALYZER_NONNULL = YES;
				CLANG_ANALYZER_NUMBER_OBJECT_CONVERSION = YES_AGGRESSIVE;
				CLANG_CXX_LANGUAGE_STANDARD = "gnu++0x";
				CLANG_CXX_LIBRARY = "libc++";
				CLANG_ENABLE_MODULES = YES;
				CLANG_ENABLE_OBJC_ARC = YES;
				CLANG_WARN_BOOL_CONVERSION = YES;
				CLANG_WARN_CONSTANT_CONVERSION = YES;
				CLANG_WARN_DIRECT_OBJC_ISA_USAGE = YES_ERROR;
				CLANG_WARN_DOCUMENTATION_COMMENTS = YES;
				CLANG_WARN_EMPTY_BODY = YES;
				CLANG_WARN_ENUM_CONVERSION = YES;
				CLANG_WARN_INFINITE_RECURSION = YES;
				CLANG_WARN_INT_CONVERSION = YES;
				CLANG_WARN_OBJC_ROOT_CLASS = YES_ERROR;
				CLANG_WARN_SUSPICIOUS_MOVE = YES;
				CLANG_WARN_UNREACHABLE_CODE = YES;
				CLANG_WARN__DUPLICATE_METHOD_MATCH = YES;
				CODE_SIGN_IDENTITY = "-";
				COPY_PHASE_STRIP = NO;
				DEBUG_INFORMATION_FORMAT = dwarf;
				ENABLE_STRICT_OBJC_MSGSEND = YES;
				ENABLE_TESTABILITY = YES;
				GCC_C_LANGUAGE_STANDARD = gnu99;
				GCC_DYNAMIC_NO_PIC = NO;
				GCC_NO_COMMON_BLOCKS = YES;
				GCC_OPTIMIZATION_LEVEL = 0;
				GCC_PREPROCESSOR_DEFINITIONS = (
					"DEBUG=1",
					"$(inherited)",
				);
				GCC_WARN_64_TO_32_BIT_CONVERSION = YES;
				GCC_WARN_ABOUT_RETURN_TYPE = YES_ERROR;
				GCC_WARN_UNDECLARED_SELECTOR = YES;
				GCC_WARN_UNINITIALIZED_AUTOS = YES_AGGRESSIVE;
				GCC_WARN_UNUSED_FUNCTION = YES;
				GCC_WARN_UNUSED_VARIABLE = YES;
				MACOSX_DEPLOYMENT_TARGET = 10.12;
				MTL_ENABLE_DEBUG_INFO = YES;
				ONLY_ACTIVE_ARCH = YES;
				SDKROOT = macosx;
			};
			name = Debug;
		};
		EF985C131F3D51D9006EAAAE /* Release */ = {
			isa = XCBuildConfiguration;
			buildSettings = {
				ALWAYS_SEARCH_USER_PATHS = NO;
				CLANG_ANALYZER_NONNULL = YES;
				CLANG_ANALYZER_NUMBER_OBJECT_CONVERSION = YES_AGGRESSIVE;
				CLANG_CXX_LANGUAGE_STANDARD = "gnu++0x";
				CLANG_CXX_LIBRARY = "libc++";
				CLANG_ENABLE_MODULES = YES;
				CLANG_ENABLE_OBJC_ARC = YES;
				CLANG_WARN_BOOL_CONVERSION = YES;
				CLANG_WARN_CONSTANT_CONVERSION = YES;
				CLANG_WARN_DIRECT_OBJC_ISA_USAGE = YES_ERROR;
				CLANG_WARN_DOCUMENTATION_COMMENTS = YES;
				CLANG_WARN_EMPTY_BODY = YES;
				CLANG_WARN_ENUM_CONVERSION = YES;
				CLANG_WARN_INFINITE_RECURSION = YES;
				CLANG_WARN_INT_CONVERSION = YES;
				CLANG_WARN_OBJC_ROOT_CLASS = YES_ERROR;
				CLANG_WARN_SUSPICIOUS_MOVE = YES;
				CLANG_WARN_UNREACHABLE_CODE = YES;
				CLANG_WARN__DUPLICATE_METHOD_MATCH = YES;
				CODE_SIGN_IDENTITY = "-";
				COPY_PHASE_STRIP = NO;
				DEBUG_INFORMATION_FORMAT = "dwarf-with-dsym";
				ENABLE_NS_ASSERTIONS = NO;
				ENABLE_STRICT_OBJC_MSGSEND = YES;
				GCC_C_LANGUAGE_STANDARD = gnu99;
				GCC_NO_COMMON_BLOCKS = YES;
				GCC_WARN_64_TO_32_BIT_CONVERSION = YES;
				GCC_WARN_ABOUT_RETURN_TYPE = YES_ERROR;
				GCC_WARN_UNDECLARED_SELECTOR = YES;
				GCC_WARN_UNINITIALIZED_AUTOS = YES_AGGRESSIVE;
				GCC_WARN_UNUSED_FUNCTION = YES;
				GCC_WARN_UNUSED_VARIABLE = YES;
				MACOSX_DEPLOYMENT_TARGET = 10.12;
				MTL_ENABLE_DEBUG_INFO = NO;
				SDKROOT = macosx;
			};
			name = Release;
		};
		EF985C151F3D51D9006EAAAE /* Debug */ = {
			isa = XCBuildConfiguration;
			buildSettings = {
				DEVELOPMENT_TEAM = QK52KGCUT2;
				PRODUCT_NAME = "$(TARGET_NAME)";
			};
			name = Debug;
		};
		EF985C161F3D51D9006EAAAE /* Release */ = {
			isa = XCBuildConfiguration;
			buildSettings = {
				DEVELOPMENT_TEAM = QK52KGCUT2;
				PRODUCT_NAME = "$(TARGET_NAME)";
			};
			name = Release;
		};
/* End XCBuildConfiguration section */

/* Begin XCConfigurationList section */
		EF985C081F3D51D9006EAAAE /* Build configuration list for PBXProject "Plist" */ = {
			isa = XCConfigurationList;
			buildConfigurations = (
				EF985C121F3D51D9006EAAAE /* Debug */,
				EF985C131F3D51D9006EAAAE /* Release */,
			);
			defaultConfigurationIsVisible = 0;
			defaultConfigurationName = Release;
		};
		EF985C141F3D51D9006EAAAE /* Build configuration list for PBXNativeTarget "Plist" */ = {
			isa = XCConfigurationList;
			buildConfigurations = (
				EF985C151F3D51D9006EAAAE /* Debug */,
				EF985C161F3D51D9006EAAAE /* Release */,
			);
			defaultConfigurationIsVisible = 0;
			defaultConfigurationName = Release;
		};
/* End XCConfigurationList section */
	};
	rootObject = EF985C051F3D51D9006EAAAE /* Project object */;
}
